
Microsoft Visual Studio Solution File, Format Version 12.00
# Visual Studio Version 16
VisualStudioVersion = 16.0.32630.194
MinimumVisualStudioVersion = 10.0.40219.1
Project("{9A19103F-16F7-4668-BE54-9A1E7A4F7556}") = "CW221104_3_fibonachi", "CW221104_3_fibonachi.csproj", "{D9067B90-C5B1-4D42-B4C5-A7D2562AA56A}"
EndProject
Global
	GlobalSection(SolutionConfigurationPlatforms) = preSolution
		Debug|Any CPU = Debug|Any CPU
		Release|Any CPU = Release|Any CPU
	EndGlobalSection
	GlobalSection(ProjectConfigurationPlatforms) = postSolution
		{D9067B90-C5B1-4D42-B4C5-A7D2562AA56A}.Debug|Any CPU.ActiveCfg = Debug|Any CPU
		{D9067B90-C5B1-4D42-B4C5-A7D2562AA56A}.Debug|Any CPU.Build.0 = Debug|Any CPU
		{D9067B90-C5B1-4D42-B4C5-A7D2562AA56A}.Release|Any CPU.ActiveCfg = Release|Any CPU
		{D9067B90-C5B1-4D42-B4C5-A7D2562AA56A}.Release|Any CPU.Build.0 = Release|Any CPU
	EndGlobalSection
	GlobalSection(SolutionProperties) = preSolution
		HideSolutionNode = FALSE
	EndGlobalSection
	GlobalSection(ExtensibilityGlobals) = postSolution
		SolutionGuid = {CDD0FEE9-DF43-498D-8566-010C75A04460}
	EndGlobalSection
EndGlobal
